# THIS IS AN AUTOGENERATED FILE. DO NOT EDIT THIS FILE DIRECTLY.
# yarn lockfile v1


"@actions/core@^1.2.3":
  version "1.2.4"
  resolved "https://registry.npm.taobao.org/@actions/core/download/@actions/core-1.2.4.tgz#96179dbf9f8d951dd74b40a0dbd5c22555d186ab"
  integrity sha1-lhedv5+NlR3XS0Cg29XCJVXRhqs=

"@actions/github@^2.1.1":
  version "2.2.0"
  resolved "https://registry.npm.taobao.org/@actions/github/download/@actions/github-2.2.0.tgz#8952fe96b12b881fa39340f0e7202b04dc5c3e71"
  integrity sha1-iVL+lrEriB+jk0Dw5yArBNxcPnE=
  dependencies:
    "@actions/http-client" "^1.0.3"
    "@octokit/graphql" "^4.3.1"
    "@octokit/rest" "^16.43.1"

"@actions/http-client@^1.0.3":
  version "1.0.8"
  resolved "https://registry.npm.taobao.org/@actions/http-client/download/@actions/http-client-1.0.8.tgz#8bd76e8eca89dc8bcf619aa128eba85f7a39af45"
  integrity sha1-i9dujsqJ3IvPYZqhKOuoX3o5r0U=
  dependencies:
    tunnel "0.0.6"

"@octokit/auth-token@^2.4.0":
  version "2.4.2"
  resolved "https://registry.npm.taobao.org/@octokit/auth-token/download/@octokit/auth-token-2.4.2.tgz?cache=0&other_urls=https%3A%2F%2Fregistry.npm.taobao.org%2F%40octokit%2Fauth-token%2Fdownload%2F%40octokit%2Fauth-token-2.4.2.tgz#10d0ae979b100fa6b72fa0e8e63e27e6d0dbff8a"
  integrity sha1-ENCul5sQD6a3L6Do5j4n5tDb/4o=
  dependencies:
    "@octokit/types" "^5.0.0"

"@octokit/endpoint@^6.0.1":
  version "6.0.3"
  resolved "https://registry.npm.taobao.org/@octokit/endpoint/download/@octokit/endpoint-6.0.3.tgz?cache=0&other_urls=https%3A%2F%2Fregistry.npm.taobao.org%2F%40octokit%2Fendpoint%2Fdownload%2F%40octokit%2Fendpoint-6.0.3.tgz#dd09b599662d7e1b66374a177ab620d8cdf73487"
  integrity sha1-3Qm1mWYtfhtmN0oXerYg2M33NIc=
  dependencies:
    "@octokit/types" "^5.0.0"
    is-plain-object "^3.0.0"
    universal-user-agent "^5.0.0"

"@octokit/graphql@^4.3.1":
  version "4.5.1"
  resolved "https://registry.npm.taobao.org/@octokit/graphql/download/@octokit/graphql-4.5.1.tgz#162aed1490320b88ce34775b3f6b8de945529fa9"
  integrity sha1-FirtFJAyC4jONHdbP2uN6UVSn6k=
  dependencies:
    "@octokit/request" "^5.3.0"
    "@octokit/types" "^5.0.0"
    universal-user-agent "^5.0.0"

"@octokit/plugin-paginate-rest@^1.1.1":
  version "1.1.2"
  resolved "https://registry.npm.taobao.org/@octokit/plugin-paginate-rest/download/@octokit/plugin-paginate-rest-1.1.2.tgz#004170acf8c2be535aba26727867d692f7b488fc"
  integrity sha1-AEFwrPjCvlNauiZyeGfWkve0iPw=
  dependencies:
    "@octokit/types" "^2.0.1"

"@octokit/plugin-request-log@^1.0.0":
  version "1.0.0"
  resolved "https://registry.npm.taobao.org/@octokit/plugin-request-log/download/@octokit/plugin-request-log-1.0.0.tgz#eef87a431300f6148c39a7f75f8cfeb218b2547e"
  integrity sha1-7vh6QxMA9hSMOaf3X4z+shiyVH4=

"@octokit/plugin-rest-endpoint-methods@2.4.0":
  version "2.4.0"
  resolved "https://registry.npm.taobao.org/@octokit/plugin-rest-endpoint-methods/download/@octokit/plugin-rest-endpoint-methods-2.4.0.tgz#3288ecf5481f68c494dd0602fc15407a59faf61e"
  integrity sha1-Mojs9UgfaMSU3QYC/BVAeln69h4=
  dependencies:
    "@octokit/types" "^2.0.1"
    deprecation "^2.3.1"

"@octokit/request-error@^1.0.2":
  version "1.2.1"
  resolved "https://registry.npm.taobao.org/@octokit/request-error/download/@octokit/request-error-1.2.1.tgz?cache=0&sync_timestamp=1592238438749&other_urls=https%3A%2F%2Fregistry.npm.taobao.org%2F%40octokit%2Frequest-error%2Fdownload%2F%40octokit%2Frequest-error-1.2.1.tgz#ede0714c773f32347576c25649dc013ae6b31801"
  integrity sha1-7eBxTHc/MjR1dsJWSdwBOuazGAE=
  dependencies:
    "@octokit/types" "^2.0.0"
    deprecation "^2.0.0"
    once "^1.4.0"

"@octokit/request-error@^2.0.0":
  version "2.0.2"
  resolved "https://registry.npm.taobao.org/@octokit/request-error/download/@octokit/request-error-2.0.2.tgz?cache=0&sync_timestamp=1592238438749&other_urls=https%3A%2F%2Fregistry.npm.taobao.org%2F%40octokit%2Frequest-error%2Fdownload%2F%40octokit%2Frequest-error-2.0.2.tgz#0e76b83f5d8fdda1db99027ea5f617c2e6ba9ed0"
  integrity sha1-Dna4P12P3aHbmQJ+pfYXwua6ntA=
  dependencies:
    "@octokit/types" "^5.0.1"
    deprecation "^2.0.0"
    once "^1.4.0"

"@octokit/request@^5.2.0", "@octokit/request@^5.3.0":
  version "5.4.5"
  resolved "https://registry.npm.taobao.org/@octokit/request/download/@octokit/request-5.4.5.tgz?cache=0&other_urls=https%3A%2F%2Fregistry.npm.taobao.org%2F%40octokit%2Frequest%2Fdownload%2F%40octokit%2Frequest-5.4.5.tgz#8df65bd812047521f7e9db6ff118c06ba84ac10b"
  integrity sha1-jfZb2BIEdSH36dtv8RjAa6hKwQs=
  dependencies:
    "@octokit/endpoint" "^6.0.1"
    "@octokit/request-error" "^2.0.0"
    "@octokit/types" "^5.0.0"
    deprecation "^2.0.0"
    is-plain-object "^3.0.0"
    node-fetch "^2.3.0"
    once "^1.4.0"
    universal-user-agent "^5.0.0"

"@octokit/rest@^16.43.1":
  version "16.43.2"
  resolved "https://registry.npm.taobao.org/@octokit/rest/download/@octokit/rest-16.43.2.tgz#c53426f1e1d1044dee967023e3279c50993dd91b"
  integrity sha1-xTQm8eHRBE3ulnAj4yecUJk92Rs=
  dependencies:
    "@octokit/auth-token" "^2.4.0"
    "@octokit/plugin-paginate-rest" "^1.1.1"
    "@octokit/plugin-request-log" "^1.0.0"
    "@octokit/plugin-rest-endpoint-methods" "2.4.0"
    "@octokit/request" "^5.2.0"
    "@octokit/request-error" "^1.0.2"
    atob-lite "^2.0.0"
    before-after-hook "^2.0.0"
    btoa-lite "^1.0.0"
    deprecation "^2.0.0"
    lodash.get "^4.4.2"
    lodash.set "^4.3.2"
    lodash.uniq "^4.5.0"
    octokit-pagination-methods "^1.1.0"
    once "^1.4.0"
    universal-user-agent "^4.0.0"

"@octokit/types@^2.0.0", "@octokit/types@^2.0.1":
  version "2.16.2"
  resolved "https://registry.npm.taobao.org/@octokit/types/download/@octokit/types-2.16.2.tgz?cache=0&sync_timestamp=1592167215119&other_urls=https%3A%2F%2Fregistry.npm.taobao.org%2F%40octokit%2Ftypes%2Fdownload%2F%40octokit%2Ftypes-2.16.2.tgz#4c5f8da3c6fecf3da1811aef678fda03edac35d2"
  integrity sha1-TF+No8b+zz2hgRrvZ4/aA+2sNdI=
  dependencies:
    "@types/node" ">= 8"

"@octokit/types@^5.0.0", "@octokit/types@^5.0.1":
  version "5.0.1"
  resolved "https://registry.npm.taobao.org/@octokit/types/download/@octokit/types-5.0.1.tgz?cache=0&sync_timestamp=1592167215119&other_urls=https%3A%2F%2Fregistry.npm.taobao.org%2F%40octokit%2Ftypes%2Fdownload%2F%40octokit%2Ftypes-5.0.1.tgz#5459e9a5e9df8565dcc62c17a34491904d71971e"
  integrity sha1-VFnppenfhWXcxiwXo0SRkE1xlx4=
  dependencies:
    "@types/node" ">= 8"

"@types/node@>= 8":
  version "14.0.14"
  resolved "https://registry.npm.taobao.org/@types/node/download/@types/node-14.0.14.tgz?cache=0&sync_timestamp=1592987751085&other_urls=https%3A%2F%2Fregistry.npm.taobao.org%2F%40types%2Fnode%2Fdownload%2F%40types%2Fnode-14.0.14.tgz#24a0b5959f16ac141aeb0c5b3cd7a15b7c64cbce"
  integrity sha1-JKC1lZ8WrBQa6wxbPNehW3xky84=

atob-lite@^2.0.0:
  version "2.0.0"
  resolved "https://registry.npm.taobao.org/atob-lite/download/atob-lite-2.0.0.tgz#0fef5ad46f1bd7a8502c65727f0367d5ee43d696"
  integrity sha1-D+9a1G8b16hQLGVyfwNn1e5D1pY=

axios@^0.19.2:
  version "0.19.2"
  resolved "https://registry.npm.taobao.org/axios/download/axios-0.19.2.tgz#3ea36c5d8818d0d5f8a8a97a6d36b86cdc00cb27"
  integrity sha1-PqNsXYgY0NX4qKl6bTa4bNwAyyc=
  dependencies:
    follow-redirects "1.5.10"

before-after-hook@^2.0.0:
  version "2.1.0"
  resolved "https://registry.npm.taobao.org/before-after-hook/download/before-after-hook-2.1.0.tgz#b6c03487f44e24200dd30ca5e6a1979c5d2fb635"
  integrity sha1-tsA0h/ROJCAN0wyl5qGXnF0vtjU=

btoa-lite@^1.0.0:
  version "1.0.0"
  resolved "https://registry.npm.taobao.org/btoa-lite/download/btoa-lite-1.0.0.tgz#337766da15801210fdd956c22e9c6891ab9d0337"
  integrity sha1-M3dm2hWAEhD92VbCLpxokaudAzc=

cross-spawn@^6.0.0:
  version "6.0.5"
  resolved "https://registry.npm.taobao.org/cross-spawn/download/cross-spawn-6.0.5.tgz#4a5ec7c64dfae22c3a14124dbacdee846d80cbc4"
  integrity sha1-Sl7Hxk364iw6FBJNus3uhG2Ay8Q=
  dependencies:
    nice-try "^1.0.4"
    path-key "^2.0.1"
    semver "^5.5.0"
    shebang-command "^1.2.0"
    which "^1.2.9"

deprecation@^2.0.0, deprecation@^2.3.1:
  version "2.3.1"
  resolved "https://registry.npm.taobao.org/deprecation/download/deprecation-2.3.1.tgz#6368cbdb40abf3373b525ac87e4a260c3a700919"
  integrity sha1-Y2jL20Cr8zc7UlrIfkomDDpwCRk=

end-of-stream@^1.1.0:
  version "1.4.4"
  resolved "https://registry.npm.taobao.org/end-of-stream/download/end-of-stream-1.4.4.tgz#5ae64a5f45057baf3626ec14da0ca5e4b2431eb0"
  integrity sha1-WuZKX0UFe682JuwU2gyl5LJDHrA=
  dependencies:
    once "^1.4.0"

execa@^1.0.0:
  version "1.0.0"
  resolved "https://registry.npm.taobao.org/execa/download/execa-1.0.0.tgz#c6236a5bb4df6d6f15e88e7f017798216749ddd8"
  integrity sha1-xiNqW7TfbW8V6I5/AXeYIWdJ3dg=
  dependencies:
    cross-spawn "^6.0.0"
    get-stream "^4.0.0"
    is-stream "^1.1.0"
    npm-run-path "^2.0.0"
    p-finally "^1.0.0"
    signal-exit "^3.0.0"
    strip-eof "^1.0.0"

follow-redirects@1.5.10, follow-redirects@^1.12.1:
  version "1.12.1"
  resolved "https://registry.npm.taobao.org/follow-redirects/download/follow-redirects-1.12.1.tgz?cache=0&sync_timestamp=1592518530318&other_urls=https%3A%2F%2Fregistry.npm.taobao.org%2Ffollow-redirects%2Fdownload%2Ffollow-redirects-1.12.1.tgz#de54a6205311b93d60398ebc01cf7015682312b6"
  integrity sha1-3lSmIFMRuT1gOY68Ac9wFWgjErY=

get-stream@^4.0.0:
  version "4.1.0"
  resolved "https://registry.npm.taobao.org/get-stream/download/get-stream-4.1.0.tgz#c1b255575f3dc21d59bfc79cd3d2b46b1c3a54b5"
  integrity sha1-wbJVV189wh1Zv8ec09K0axw6VLU=
  dependencies:
    pump "^3.0.0"

is-plain-object@^3.0.0:
  version "3.0.1"
  resolved "https://registry.npm.taobao.org/is-plain-object/download/is-plain-object-3.0.1.tgz?cache=0&sync_timestamp=1593243670545&other_urls=https%3A%2F%2Fregistry.npm.taobao.org%2Fis-plain-object%2Fdownload%2Fis-plain-object-3.0.1.tgz#662d92d24c0aa4302407b0d45d21f2251c85f85b"
  integrity sha1-Zi2S0kwKpDAkB7DUXSHyJRyF+Fs=

is-stream@^1.1.0:
  version "1.1.0"
  resolved "https://registry.npm.taobao.org/is-stream/download/is-stream-1.1.0.tgz#12d4a3dd4e68e0b79ceb8dbc84173ae80d91ca44"
  integrity sha1-EtSj3U5o4Lec6428hBc66A2RykQ=

isexe@^2.0.0:
  version "2.0.0"
  resolved "https://registry.npm.taobao.org/isexe/download/isexe-2.0.0.tgz#e8fbf374dc556ff8947a10dcb0572d633f2cfa10"
  integrity sha1-6PvzdNxVb/iUehDcsFctYz8s+hA=

lodash.get@^4.4.2:
  version "4.4.2"
  resolved "https://registry.npm.taobao.org/lodash.get/download/lodash.get-4.4.2.tgz#2d177f652fa31e939b4438d5341499dfa3825e99"
  integrity sha1-LRd/ZS+jHpObRDjVNBSZ36OCXpk=

lodash.set@^4.3.2:
  version "4.3.2"
  resolved "https://registry.npm.taobao.org/lodash.set/download/lodash.set-4.3.2.tgz#d8757b1da807dde24816b0d6a84bea1a76230b23"
  integrity sha1-2HV7HagH3eJIFrDWqEvqGnYjCyM=

lodash.uniq@^4.5.0:
  version "4.5.0"
  resolved "https://registry.npm.taobao.org/lodash.uniq/download/lodash.uniq-4.5.0.tgz#d0225373aeb652adc1bc82e4945339a842754773"
  integrity sha1-0CJTc662Uq3BvILklFM5qEJ1R3M=

macos-release@^2.2.0:
  version "2.4.0"
  resolved "https://registry.npm.taobao.org/macos-release/download/macos-release-2.4.0.tgz?cache=0&sync_timestamp=1593549393554&other_urls=https%3A%2F%2Fregistry.npm.taobao.org%2Fmacos-release%2Fdownload%2Fmacos-release-2.4.0.tgz#837b39fc01785c3584f103c5599e0f0c8068b49e"
  integrity sha1-g3s5/AF4XDWE8QPFWZ4PDIBotJ4=

nice-try@^1.0.4:
  version "1.0.5"
  resolved "https://registry.npm.taobao.org/nice-try/download/nice-try-1.0.5.tgz#a3378a7696ce7d223e88fc9b764bd7ef1089e366"
  integrity sha1-ozeKdpbOfSI+iPybdkvX7xCJ42Y=

node-fetch@^2.3.0:
  version "2.6.0"
  resolved "https://registry.npm.taobao.org/node-fetch/download/node-fetch-2.6.0.tgz?cache=0&sync_timestamp=1591866500711&other_urls=https%3A%2F%2Fregistry.npm.taobao.org%2Fnode-fetch%2Fdownload%2Fnode-fetch-2.6.0.tgz#e633456386d4aa55863f676a7ab0daa8fdecb0fd"
  integrity sha1-5jNFY4bUqlWGP2dqerDaqP3ssP0=

npm-run-path@^2.0.0:
  version "2.0.2"
  resolved "https://registry.npm.taobao.org/npm-run-path/download/npm-run-path-2.0.2.tgz#35a9232dfa35d7067b4cb2ddf2357b1871536c5f"
  integrity sha1-NakjLfo11wZ7TLLd8jV7GHFTbF8=
  dependencies:
    path-key "^2.0.0"

octokit-pagination-methods@^1.1.0:
  version "1.1.0"
  resolved "https://registry.npm.taobao.org/octokit-pagination-methods/download/octokit-pagination-methods-1.1.0.tgz#cf472edc9d551055f9ef73f6e42b4dbb4c80bea4"
  integrity sha1-z0cu3J1VEFX573P25CtNu0yAvqQ=

once@^1.3.1, once@^1.4.0:
  version "1.4.0"
  resolved "https://registry.npm.taobao.org/once/download/once-1.4.0.tgz#583b1aa775961d4b113ac17d9c50baef9dd76bd1"
  integrity sha1-WDsap3WWHUsROsF9nFC6753Xa9E=
  dependencies:
    wrappy "1"

os-name@^3.1.0:
  version "3.1.0"
  resolved "https://registry.npm.taobao.org/os-name/download/os-name-3.1.0.tgz#dec19d966296e1cd62d701a5a66ee1ddeae70801"
  integrity sha1-3sGdlmKW4c1i1wGlpm7h3ernCAE=
  dependencies:
    macos-release "^2.2.0"
    windows-release "^3.1.0"

p-finally@^1.0.0:
  version "1.0.0"
  resolved "https://registry.npm.taobao.org/p-finally/download/p-finally-1.0.0.tgz#3fbcfb15b899a44123b34b6dcc18b724336a2cae"
  integrity sha1-P7z7FbiZpEEjs0ttzBi3JDNqLK4=

path-key@^2.0.0, path-key@^2.0.1:
  version "2.0.1"
  resolved "https://registry.npm.taobao.org/path-key/download/path-key-2.0.1.tgz#411cadb574c5a140d3a4b1910d40d80cc9f40b40"
  integrity sha1-QRyttXTFoUDTpLGRDUDYDMn0C0A=

pump@^3.0.0:
  version "3.0.0"
  resolved "https://registry.npm.taobao.org/pump/download/pump-3.0.0.tgz#b4a2116815bde2f4e1ea602354e8c75565107a64"
  integrity sha1-tKIRaBW94vTh6mAjVOjHVWUQemQ=
  dependencies:
    end-of-stream "^1.1.0"
    once "^1.3.1"

semver@^5.5.0:
  version "5.7.1"
  resolved "https://registry.npm.taobao.org/semver/download/semver-5.7.1.tgz#a954f931aeba508d307bbf069eff0c01c96116f7"
  integrity sha1-qVT5Ma66UI0we78Gnv8MAclhFvc=

shebang-command@^1.2.0:
  version "1.2.0"
  resolved "https://registry.npm.taobao.org/shebang-command/download/shebang-command-1.2.0.tgz#44aac65b695b03398968c39f363fee5deafdf1ea"
  integrity sha1-RKrGW2lbAzmJaMOfNj/uXer98eo=
  dependencies:
    shebang-regex "^1.0.0"

shebang-regex@^1.0.0:
  version "1.0.0"
  resolved "https://registry.npm.taobao.org/shebang-regex/download/shebang-regex-1.0.0.tgz#da42f49740c0b42db2ca9728571cb190c98efea3"
  integrity sha1-2kL0l0DAtC2yypcoVxyxkMmO/qM=

signal-exit@^3.0.0:
  version "3.0.3"
  resolved "https://registry.npm.taobao.org/signal-exit/download/signal-exit-3.0.3.tgz#a1410c2edd8f077b08b4e253c8eacfcaf057461c"
  integrity sha1-oUEMLt2PB3sItOJTyOrPyvBXRhw=

strip-eof@^1.0.0:
  version "1.0.0"
  resolved "https://registry.npm.taobao.org/strip-eof/download/strip-eof-1.0.0.tgz#bb43ff5598a6eb05d89b59fcd129c983313606bf"
  integrity sha1-u0P/VZim6wXYm1n80SnJgzE2Br8=

tunnel@0.0.6:
  version "0.0.6"
  resolved "https://registry.npm.taobao.org/tunnel/download/tunnel-0.0.6.tgz#72f1314b34a5b192db012324df2cc587ca47f92c"
  integrity sha1-cvExSzSlsZLbASMk3yzFh8pH+Sw=

universal-user-agent@^4.0.0:
  version "4.0.1"
  resolved "https://registry.npm.taobao.org/universal-user-agent/download/universal-user-agent-4.0.1.tgz#fd8d6cb773a679a709e967ef8288a31fcc03e557"
  integrity sha1-/Y1st3OmeacJ6WfvgoijH8wD5Vc=
  dependencies:
    os-name "^3.1.0"

universal-user-agent@^5.0.0:
  version "5.0.0"
  resolved "https://registry.npm.taobao.org/universal-user-agent/download/universal-user-agent-5.0.0.tgz#a3182aa758069bf0e79952570ca757de3579c1d9"
  integrity sha1-oxgqp1gGm/DnmVJXDKdX3jV5wdk=
  dependencies:
    os-name "^3.1.0"

which@^1.2.9:
  version "1.3.1"
  resolved "https://registry.npm.taobao.org/which/download/which-1.3.1.tgz#a45043d54f5805316da8d62f9f50918d3da70b0a"
  integrity sha1-pFBD1U9YBTFtqNYvn1CRjT2nCwo=
  dependencies:
    isexe "^2.0.0"

windows-release@^3.1.0:
  version "3.3.1"
  resolved "https://registry.npm.taobao.org/windows-release/download/windows-release-3.3.1.tgz?cache=0&sync_timestamp=1591610095899&other_urls=https%3A%2F%2Fregistry.npm.taobao.org%2Fwindows-release%2Fdownload%2Fwindows-release-3.3.1.tgz#cb4e80385f8550f709727287bf71035e209c4ace"
  integrity sha1-y06AOF+FUPcJcnKHv3EDXiCcSs4=
  dependencies:
    execa "^1.0.0"

wrappy@1:
  version "1.0.2"
  resolved "https://registry.npm.taobao.org/wrappy/download/wrappy-1.0.2.tgz#b5243d8f3ec1aa35f1364605bc0d1036e30ab69f"
  integrity sha1-tSQ9jz7BqjXxNkYFvA0QNuMKtp8=
